
Microsoft Visual Studio Solution File, Format Version 12.00
# Visual Studio Version 16
VisualStudioVersion = 16.0.30002.166
MinimumVisualStudioVersion = 10.0.40219.1
Project("{9A19103F-16F7-4668-BE54-9A1E7A4F7556}") = "Features", "Features\Features.csproj", "{DEAA55A2-820F-4ADD-A2B4-59C901D8FB1A}"
EndProject
Project("{9A19103F-16F7-4668-BE54-9A1E7A4F7556}") = "Queries", "Queries\Queries.csproj", "{51455D60-EE75-4C85-8985-979562731D0F}"
EndProject
Project("{FAE04EC0-301F-11D3-BF4B-00C04F79EFBC}") = "LinqIntroduction", "LinqIntroduction\LinqIntroduction.csproj", "{CF453BB5-C421-49A3-99B1-0A1FA9999E0E}"
EndProject
Project("{FAE04EC0-301F-11D3-BF4B-00C04F79EFBC}") = "Cars", "Cars\Cars.csproj", "{797C8F1D-B7E0-45D6-BC94-45D73A05FB81}"
EndProject
Global
	GlobalSection(SolutionConfigurationPlatforms) = preSolution
		Debug|Any CPU = Debug|Any CPU
		Release|Any CPU = Release|Any CPU
	EndGlobalSection
	GlobalSection(ProjectConfigurationPlatforms) = postSolution
		{DEAA55A2-820F-4ADD-A2B4-59C901D8FB1A}.Debug|Any CPU.ActiveCfg = Debug|Any CPU
		{DEAA55A2-820F-4ADD-A2B4-59C901D8FB1A}.Debug|Any CPU.Build.0 = Debug|Any CPU
		{DEAA55A2-820F-4ADD-A2B4-59C901D8FB1A}.Release|Any CPU.ActiveCfg = Release|Any CPU
		{DEAA55A2-820F-4ADD-A2B4-59C901D8FB1A}.Release|Any CPU.Build.0 = Release|Any CPU
		{51455D60-EE75-4C85-8985-979562731D0F}.Debug|Any CPU.ActiveCfg = Debug|Any CPU
		{51455D60-EE75-4C85-8985-979562731D0F}.Debug|Any CPU.Build.0 = Debug|Any CPU
		{51455D60-EE75-4C85-8985-979562731D0F}.Release|Any CPU.ActiveCfg = Release|Any CPU
		{51455D60-EE75-4C85-8985-979562731D0F}.Release|Any CPU.Build.0 = Release|Any CPU
		{CF453BB5-C421-49A3-99B1-0A1FA9999E0E}.Debug|Any CPU.ActiveCfg = Debug|Any CPU
		{CF453BB5-C421-49A3-99B1-0A1FA9999E0E}.Debug|Any CPU.Build.0 = Debug|Any CPU
		{CF453BB5-C421-49A3-99B1-0A1FA9999E0E}.Release|Any CPU.ActiveCfg = Release|Any CPU
		{CF453BB5-C421-49A3-99B1-0A1FA9999E0E}.Release|Any CPU.Build.0 = Release|Any CPU
		{797C8F1D-B7E0-45D6-BC94-45D73A05FB81}.Debug|Any CPU.ActiveCfg = Debug|Any CPU
		{797C8F1D-B7E0-45D6-BC94-45D73A05FB81}.Debug|Any CPU.Build.0 = Debug|Any CPU
		{797C8F1D-B7E0-45D6-BC94-45D73A05FB81}.Release|Any CPU.ActiveCfg = Release|Any CPU
		{797C8F1D-B7E0-45D6-BC94-45D73A05FB81}.Release|Any CPU.Build.0 = Release|Any CPU
	EndGlobalSection
	GlobalSection(SolutionProperties) = preSolution
		HideSolutionNode = FALSE
	EndGlobalSection
	GlobalSection(ExtensibilityGlobals) = postSolution
		SolutionGuid = {3E9D5C36-9A07-42B3-B164-703717139D4F}
	EndGlobalSection
EndGlobal
